# THIS IS AN AUTOGENERATED FILE. DO NOT EDIT THIS FILE DIRECTLY.
# yarn lockfile v1


htm@^2.2.1:
  version "2.2.1"
  resolved "https://registry.yarnpkg.com/htm/-/htm-2.2.1.tgz#02ae7459901b3956aeaf6c7ae627fb6905dc7607"
  integrity sha512-nPWqBlSbdSHaT2d/cpFRpZLqH5BcdaRcXaicyAtXbkIsIiXLnstPPg0fEX3I8SrlY16FSzb1FLK44uk25xhMvw==

preact-render-to-string@^5.0.6:
  version "5.0.6"
  resolved "https://registry.yarnpkg.com/preact-render-to-string/-/preact-render-to-string-5.0.6.tgz#3e89078f78e88157a044f91914b348894cd18d03"
  integrity sha512-VOsbY/YNPJVIxEdzkUJNwhZNEOE5/w4lbEAsBvhsImbpeDsDhCtUvzpZav/j8tHF8HcG6lNWljmkmXfy+KEnsQ==
  dependencies:
    pretty-format "^3.8.0"

preact@^10.0.0-rc.0:
  version "10.0.0-rc.0"
  resolved "https://registry.yarnpkg.com/preact/-/preact-10.0.0-rc.0.tgz#084316631ae6f0a965e889e7715cccb74c4a5d6e"
  integrity sha512-mOOF2FoSt52uYPa+n2cvgI0NI+yo6Rxyamvu5z/8GHod3UhtExWhBcOeTawriR4HiGuR5VHENJEJ/dtBWMZZaQ==

pretty-format@^3.8.0:
  version "3.8.0"
  resolved "https://registry.yarnpkg.com/pretty-format/-/pretty-format-3.8.0.tgz#bfbed56d5e9a776645f4b1ff7aa1a3ac4fa3c385"
  integrity sha1-v77VbV6ad2ZF9LH/eqGjrE+jw4U=
